
Microsoft Visual Studio Solution File, Format Version 12.00
# Visual Studio Version 17
VisualStudioVersion = 17.10.34928.147
MinimumVisualStudioVersion = 10.0.40219.1
Project("{2150E333-8FDC-42A3-9474-1A3956D46DE8}") = "Services", "Services", "{49C21DA4-DB60-49C5-8E3D-2AA081DE8E5E}"
EndProject
Project("{2150E333-8FDC-42A3-9474-1A3956D46DE8}") = "Catalog", "Catalog", "{F5BCD526-43F7-4959-A957-B57F45794380}"
EndProject
Project("{FAE04EC0-301F-11D3-BF4B-00C04F79EFBC}") = "Catalog.API", "Service\Catalog\Catalog.API\Catalog.API.csproj", "{C7030362-A197-498C-B343-A4B988533060}"
EndProject
Project("{2150E333-8FDC-42A3-9474-1A3956D46DE8}") = "BuildingBlocks", "BuildingBlocks", "{6689C561-158B-4EC4-AE01-BCEA533E43BA}"
EndProject
Project("{FAE04EC0-301F-11D3-BF4B-00C04F79EFBC}") = "BuildingBlocks", "BuildingBlocks\BuildingBlocks\BuildingBlocks.csproj", "{4ADC8E63-2A49-41EB-9BC2-251B2C8FD205}"
EndProject
Project("{E53339B2-1760-4266-BCC7-CA923CBCF16C}") = "docker-compose", "docker-compose.dcproj", "{4C311B4F-47AA-4B20-B326-961C62A93E4A}"
EndProject
Global
	GlobalSection(SolutionConfigurationPlatforms) = preSolution
		Debug|Any CPU = Debug|Any CPU
		Release|Any CPU = Release|Any CPU
	EndGlobalSection
	GlobalSection(ProjectConfigurationPlatforms) = postSolution
		{C7030362-A197-498C-B343-A4B988533060}.Debug|Any CPU.ActiveCfg = Debug|Any CPU
		{C7030362-A197-498C-B343-A4B988533060}.Debug|Any CPU.Build.0 = Debug|Any CPU
		{C7030362-A197-498C-B343-A4B988533060}.Release|Any CPU.ActiveCfg = Release|Any CPU
		{C7030362-A197-498C-B343-A4B988533060}.Release|Any CPU.Build.0 = Release|Any CPU
		{4ADC8E63-2A49-41EB-9BC2-251B2C8FD205}.Debug|Any CPU.ActiveCfg = Debug|Any CPU
		{4ADC8E63-2A49-41EB-9BC2-251B2C8FD205}.Debug|Any CPU.Build.0 = Debug|Any CPU
		{4ADC8E63-2A49-41EB-9BC2-251B2C8FD205}.Release|Any CPU.ActiveCfg = Release|Any CPU
		{4ADC8E63-2A49-41EB-9BC2-251B2C8FD205}.Release|Any CPU.Build.0 = Release|Any CPU
		{4C311B4F-47AA-4B20-B326-961C62A93E4A}.Debug|Any CPU.ActiveCfg = Debug|Any CPU
		{4C311B4F-47AA-4B20-B326-961C62A93E4A}.Debug|Any CPU.Build.0 = Debug|Any CPU
		{4C311B4F-47AA-4B20-B326-961C62A93E4A}.Release|Any CPU.ActiveCfg = Release|Any CPU
		{4C311B4F-47AA-4B20-B326-961C62A93E4A}.Release|Any CPU.Build.0 = Release|Any CPU
	EndGlobalSection
	GlobalSection(SolutionProperties) = preSolution
		HideSolutionNode = FALSE
	EndGlobalSection
	GlobalSection(NestedProjects) = preSolution
		{F5BCD526-43F7-4959-A957-B57F45794380} = {49C21DA4-DB60-49C5-8E3D-2AA081DE8E5E}
		{C7030362-A197-498C-B343-A4B988533060} = {F5BCD526-43F7-4959-A957-B57F45794380}
		{4ADC8E63-2A49-41EB-9BC2-251B2C8FD205} = {6689C561-158B-4EC4-AE01-BCEA533E43BA}
	EndGlobalSection
	GlobalSection(ExtensibilityGlobals) = postSolution
		SolutionGuid = {A85DAA59-436A-475C-9EA3-F2ACB4C22A58}
	EndGlobalSection
EndGlobal
